
Microsoft Visual Studio Solution File, Format Version 12.00
# Visual Studio Version 17
VisualStudioVersion = 17.2.32516.85
MinimumVisualStudioVersion = 10.0.40219.1
Project("{FAE04EC0-301F-11D3-BF4B-00C04F79EFBC}") = "EmployeeManagemnt_API_Day3", "EmployeeManagemnt_API_Day3\EmployeeManagemnt_API_Day3.csproj", "{5519FEEB-4CC2-43E6-80E6-525AB46BDE3E}"
EndProject
Global
	GlobalSection(SolutionConfigurationPlatforms) = preSolution
		Debug|Any CPU = Debug|Any CPU
		Release|Any CPU = Release|Any CPU
	EndGlobalSection
	GlobalSection(ProjectConfigurationPlatforms) = postSolution
		{5519FEEB-4CC2-43E6-80E6-525AB46BDE3E}.Debug|Any CPU.ActiveCfg = Debug|Any CPU
		{5519FEEB-4CC2-43E6-80E6-525AB46BDE3E}.Debug|Any CPU.Build.0 = Debug|Any CPU
		{5519FEEB-4CC2-43E6-80E6-525AB46BDE3E}.Release|Any CPU.ActiveCfg = Release|Any CPU
		{5519FEEB-4CC2-43E6-80E6-525AB46BDE3E}.Release|Any CPU.Build.0 = Release|Any CPU
	EndGlobalSection
	GlobalSection(SolutionProperties) = preSolution
		HideSolutionNode = FALSE
	EndGlobalSection
	GlobalSection(ExtensibilityGlobals) = postSolution
		SolutionGuid = {599FE08E-22E4-48AB-A654-9D6263EB6371}
	EndGlobalSection
EndGlobal
