
Microsoft Visual Studio Solution File, Format Version 12.00
# Visual Studio Version 17
VisualStudioVersion = 17.4.33103.184
MinimumVisualStudioVersion = 10.0.40219.1
Project("{FAE04EC0-301F-11D3-BF4B-00C04F79EFBC}") = "employeeManagement_api", "employeeManagement_api\employeeManagement_api.csproj", "{FDE198FF-3C50-40FB-97F0-BD205B805491}"
EndProject
Global
	GlobalSection(SolutionConfigurationPlatforms) = preSolution
		Debug|Any CPU = Debug|Any CPU
		Release|Any CPU = Release|Any CPU
	EndGlobalSection
	GlobalSection(ProjectConfigurationPlatforms) = postSolution
		{FDE198FF-3C50-40FB-97F0-BD205B805491}.Debug|Any CPU.ActiveCfg = Debug|Any CPU
		{FDE198FF-3C50-40FB-97F0-BD205B805491}.Debug|Any CPU.Build.0 = Debug|Any CPU
		{FDE198FF-3C50-40FB-97F0-BD205B805491}.Release|Any CPU.ActiveCfg = Release|Any CPU
		{FDE198FF-3C50-40FB-97F0-BD205B805491}.Release|Any CPU.Build.0 = Release|Any CPU
	EndGlobalSection
	GlobalSection(SolutionProperties) = preSolution
		HideSolutionNode = FALSE
	EndGlobalSection
	GlobalSection(ExtensibilityGlobals) = postSolution
		SolutionGuid = {55E08045-7906-4ACE-9DB3-2DE21931FB6D}
	EndGlobalSection
EndGlobal
