
Microsoft Visual Studio Solution File, Format Version 12.00
# Visual Studio Version 17
VisualStudioVersion = 17.4.33103.184
MinimumVisualStudioVersion = 10.0.40219.1
Project("{FAE04EC0-301F-11D3-BF4B-00C04F79EFBC}") = "shopping_API", "shopping_API\shopping_API.csproj", "{F5D9B44C-5A1B-4947-9E08-A02A1C6CE9B8}"
EndProject
Global
	GlobalSection(SolutionConfigurationPlatforms) = preSolution
		Debug|Any CPU = Debug|Any CPU
		Release|Any CPU = Release|Any CPU
	EndGlobalSection
	GlobalSection(ProjectConfigurationPlatforms) = postSolution
		{F5D9B44C-5A1B-4947-9E08-A02A1C6CE9B8}.Debug|Any CPU.ActiveCfg = Debug|Any CPU
		{F5D9B44C-5A1B-4947-9E08-A02A1C6CE9B8}.Debug|Any CPU.Build.0 = Debug|Any CPU
		{F5D9B44C-5A1B-4947-9E08-A02A1C6CE9B8}.Release|Any CPU.ActiveCfg = Release|Any CPU
		{F5D9B44C-5A1B-4947-9E08-A02A1C6CE9B8}.Release|Any CPU.Build.0 = Release|Any CPU
	EndGlobalSection
	GlobalSection(SolutionProperties) = preSolution
		HideSolutionNode = FALSE
	EndGlobalSection
	GlobalSection(ExtensibilityGlobals) = postSolution
		SolutionGuid = {03A5634F-A06C-44DB-895A-22A4E4802928}
	EndGlobalSection
EndGlobal
